
Microsoft Visual Studio Solution File, Format Version 12.00
# Visual Studio Version 16
VisualStudioVersion = 16.0.31613.86
MinimumVisualStudioVersion = 10.0.40219.1
Project("{FAE04EC0-301F-11D3-BF4B-00C04F79EFBC}") = "Gurgen Khachatryan", "Gurgen Khachatryan\Gurgen Khachatryan.csproj", "{F1413469-150C-4DE8-A12D-47FCFC8D2029}"
EndProject
Global
	GlobalSection(SolutionConfigurationPlatforms) = preSolution
		Debug|Any CPU = Debug|Any CPU
		Release|Any CPU = Release|Any CPU
	EndGlobalSection
	GlobalSection(ProjectConfigurationPlatforms) = postSolution
		{F1413469-150C-4DE8-A12D-47FCFC8D2029}.Debug|Any CPU.ActiveCfg = Debug|Any CPU
		{F1413469-150C-4DE8-A12D-47FCFC8D2029}.Debug|Any CPU.Build.0 = Debug|Any CPU
		{F1413469-150C-4DE8-A12D-47FCFC8D2029}.Release|Any CPU.ActiveCfg = Release|Any CPU
		{F1413469-150C-4DE8-A12D-47FCFC8D2029}.Release|Any CPU.Build.0 = Release|Any CPU
	EndGlobalSection
	GlobalSection(SolutionProperties) = preSolution
		HideSolutionNode = FALSE
	EndGlobalSection
	GlobalSection(ExtensibilityGlobals) = postSolution
		SolutionGuid = {5E40E451-DC0D-4717-BEF3-7048CCFC25A0}
	EndGlobalSection
EndGlobal
